
Microsoft Visual Studio Solution File, Format Version 12.00
# Visual Studio Version 16
VisualStudioVersion = 16.0.30406.217
MinimumVisualStudioVersion = 10.0.40219.1
Project("{FAE04EC0-301F-11D3-BF4B-00C04F79EFBC}") = "rpg", "rpg.csproj", "{93D6FE72-057B-422E-8B01-2838CDDE5134}"
EndProject
Global
	GlobalSection(SolutionConfigurationPlatforms) = preSolution
		Debug|Any CPU = Debug|Any CPU
		Release|Any CPU = Release|Any CPU
	EndGlobalSection
	GlobalSection(ProjectConfigurationPlatforms) = postSolution
		{93D6FE72-057B-422E-8B01-2838CDDE5134}.Debug|Any CPU.ActiveCfg = Debug|Any CPU
		{93D6FE72-057B-422E-8B01-2838CDDE5134}.Debug|Any CPU.Build.0 = Debug|Any CPU
		{93D6FE72-057B-422E-8B01-2838CDDE5134}.Release|Any CPU.ActiveCfg = Release|Any CPU
		{93D6FE72-057B-422E-8B01-2838CDDE5134}.Release|Any CPU.Build.0 = Release|Any CPU
	EndGlobalSection
	GlobalSection(SolutionProperties) = preSolution
		HideSolutionNode = FALSE
	EndGlobalSection
	GlobalSection(ExtensibilityGlobals) = postSolution
		SolutionGuid = {4D0C835C-4810-4886-B870-C08A83F195BE}
	EndGlobalSection
EndGlobal
